
Microsoft Visual Studio Solution File, Format Version 11.00
# Visual Studio 2010
Project("{FAE04EC0-301F-11D3-BF4B-00C04F79EFBC}") = "Assembly-CSharp", "Assembly-CSharp.csproj", "{21c2035b-6938-b24e-b8db-0fc0a67e51f5}"
EndProject
Project("{FAE04EC0-301F-11D3-BF4B-00C04F79EFBC}") = "RoadArchitect", "RoadArchitect.csproj", "{a9bbc4ba-3a0b-586e-f8b7-336129b51379}"
EndProject
Project("{FAE04EC0-301F-11D3-BF4B-00C04F79EFBC}") = "Assembly-CSharp-Editor", "Assembly-CSharp-Editor.csproj", "{ff7080db-7318-53a9-e408-5d85287ab16b}"
EndProject
Global
	GlobalSection(SolutionConfigurationPlatforms) = preSolution
		Debug|Any CPU = Debug|Any CPU
	EndGlobalSection
	GlobalSection(ProjectConfigurationPlatforms) = postSolution
		{21c2035b-6938-b24e-b8db-0fc0a67e51f5}.Debug|Any CPU.ActiveCfg = Debug|Any CPU
		{21c2035b-6938-b24e-b8db-0fc0a67e51f5}.Debug|Any CPU.Build.0 = Debug|Any CPU
		{a9bbc4ba-3a0b-586e-f8b7-336129b51379}.Debug|Any CPU.ActiveCfg = Debug|Any CPU
		{a9bbc4ba-3a0b-586e-f8b7-336129b51379}.Debug|Any CPU.Build.0 = Debug|Any CPU
		{ff7080db-7318-53a9-e408-5d85287ab16b}.Debug|Any CPU.ActiveCfg = Debug|Any CPU
		{ff7080db-7318-53a9-e408-5d85287ab16b}.Debug|Any CPU.Build.0 = Debug|Any CPU
	EndGlobalSection
	GlobalSection(SolutionProperties) = preSolution
		HideSolutionNode = FALSE
	EndGlobalSection
EndGlobal
